
Microsoft Visual Studio Solution File, Format Version 12.00
# Visual Studio Version 17
VisualStudioVersion = 17.0.31903.59
MinimumVisualStudioVersion = 10.0.40219.1
Project("{FAE04EC0-301F-11D3-BF4B-00C04F79EFBC}") = "InventoryAlert.Api", "InventoryAlert.Api\InventoryAlert.Api.csproj", "{63416F88-38A8-495E-91B8-A732B61A515E}"
EndProject
Project("{FAE04EC0-301F-11D3-BF4B-00C04F79EFBC}") = "InventoryAlert.Contracts", "InventoryAlert.Contracts\InventoryAlert.Contracts.csproj", "{13A11965-CD20-49F3-934C-9234E2B20670}"
EndProject
Project("{FAE04EC0-301F-11D3-BF4B-00C04F79EFBC}") = "InventoryAlert.Worker", "InventoryAlert.Worker\InventoryAlert.Worker.csproj", "{BE715D9F-CC6A-4931-893E-C0E413ADD3BD}"
EndProject
Project("{FAE04EC0-301F-11D3-BF4B-00C04F79EFBC}") = "InventoryAlert.Sample", "InventoryAlert.Sample\InventoryAlert.Sample.csproj", "{9A5F9FC6-8F3C-42FF-A04E-F5C9527646DB}"
EndProject
Project("{FAE04EC0-301F-11D3-BF4B-00C04F79EFBC}") = "InventoryAlert.UnitTests", "InventoryAlert.UnitTests\InventoryAlert.UnitTests.csproj", "{FFE36D59-CD3A-4C4B-BFFA-E7C7A6955C06}"
EndProject
Project("{FAE04EC0-301F-11D3-BF4B-00C04F79EFBC}") = "InventoryAlert.IntegrationTests", "InventoryAlert.IntegrationTests\InventoryAlert.IntegrationTests.csproj", "{8AEACF55-3718-4F82-B731-305FD8ECAA1F}"
EndProject
Project("{FAE04EC0-301F-11D3-BF4B-00C04F79EFBC}") = "InventoryAlert.ArchitectureTests", "InventoryAlert.ArchitectureTests\InventoryAlert.ArchitectureTests.csproj", "{51B44AE9-AC73-4B5D-8B25-672C921A704D}"
EndProject
Project("{2150E333-8FDC-42A3-9474-1A3956D46DE8}") = "Solution Items", "Solution Items", "{D0C8D6AE-CF6B-4197-85EE-56E52AA62688}"
	ProjectSection(SolutionItems) = preProject
		.dockerignore = .dockerignore
		Directory.Packages.props = Directory.Packages.props
		docker-compose.yml = docker-compose.yml
		Dockerfile = Dockerfile
		SolutionFolder\moto-init\init-dynamodb.sh = SolutionFolder\moto-init\init-dynamodb.sh
		SolutionFolder\moto-init\init-sqs.sh = SolutionFolder\moto-init\init-sqs.sh
	EndProjectSection
EndProject
Global
	GlobalSection(SolutionConfigurationPlatforms) = preSolution
		Debug|Any CPU = Debug|Any CPU
		Debug|x64 = Debug|x64
		Debug|x86 = Debug|x86
		Release|Any CPU = Release|Any CPU
		Release|x64 = Release|x64
		Release|x86 = Release|x86
	EndGlobalSection
	GlobalSection(ProjectConfigurationPlatforms) = postSolution
		{63416F88-38A8-495E-91B8-A732B61A515E}.Debug|Any CPU.ActiveCfg = Debug|Any CPU
		{63416F88-38A8-495E-91B8-A732B61A515E}.Debug|Any CPU.Build.0 = Debug|Any CPU
		{63416F88-38A8-495E-91B8-A732B61A515E}.Debug|x64.ActiveCfg = Debug|Any CPU
		{63416F88-38A8-495E-91B8-A732B61A515E}.Debug|x64.Build.0 = Debug|Any CPU
		{63416F88-38A8-495E-91B8-A732B61A515E}.Debug|x86.ActiveCfg = Debug|Any CPU
		{63416F88-38A8-495E-91B8-A732B61A515E}.Debug|x86.Build.0 = Debug|Any CPU
		{63416F88-38A8-495E-91B8-A732B61A515E}.Release|Any CPU.ActiveCfg = Release|Any CPU
		{63416F88-38A8-495E-91B8-A732B61A515E}.Release|Any CPU.Build.0 = Release|Any CPU
		{63416F88-38A8-495E-91B8-A732B61A515E}.Release|x64.ActiveCfg = Release|Any CPU
		{63416F88-38A8-495E-91B8-A732B61A515E}.Release|x64.Build.0 = Release|Any CPU
		{63416F88-38A8-495E-91B8-A732B61A515E}.Release|x86.ActiveCfg = Release|Any CPU
		{63416F88-38A8-495E-91B8-A732B61A515E}.Release|x86.Build.0 = Release|Any CPU
		{13A11965-CD20-49F3-934C-9234E2B20670}.Debug|Any CPU.ActiveCfg = Debug|Any CPU
		{13A11965-CD20-49F3-934C-9234E2B20670}.Debug|Any CPU.Build.0 = Debug|Any CPU
		{13A11965-CD20-49F3-934C-9234E2B20670}.Debug|x64.ActiveCfg = Debug|Any CPU
		{13A11965-CD20-49F3-934C-9234E2B20670}.Debug|x64.Build.0 = Debug|Any CPU
		{13A11965-CD20-49F3-934C-9234E2B20670}.Debug|x86.ActiveCfg = Debug|Any CPU
		{13A11965-CD20-49F3-934C-9234E2B20670}.Debug|x86.Build.0 = Debug|Any CPU
		{13A11965-CD20-49F3-934C-9234E2B20670}.Release|Any CPU.ActiveCfg = Release|Any CPU
		{13A11965-CD20-49F3-934C-9234E2B20670}.Release|Any CPU.Build.0 = Release|Any CPU
		{13A11965-CD20-49F3-934C-9234E2B20670}.Release|x64.ActiveCfg = Release|Any CPU
		{13A11965-CD20-49F3-934C-9234E2B20670}.Release|x64.Build.0 = Release|Any CPU
		{13A11965-CD20-49F3-934C-9234E2B20670}.Release|x86.ActiveCfg = Release|Any CPU
		{13A11965-CD20-49F3-934C-9234E2B20670}.Release|x86.Build.0 = Release|Any CPU
		{BE715D9F-CC6A-4931-893E-C0E413ADD3BD}.Debug|Any CPU.ActiveCfg = Debug|Any CPU
		{BE715D9F-CC6A-4931-893E-C0E413ADD3BD}.Debug|Any CPU.Build.0 = Debug|Any CPU
		{BE715D9F-CC6A-4931-893E-C0E413ADD3BD}.Debug|x64.ActiveCfg = Debug|Any CPU
		{BE715D9F-CC6A-4931-893E-C0E413ADD3BD}.Debug|x64.Build.0 = Debug|Any CPU
		{BE715D9F-CC6A-4931-893E-C0E413ADD3BD}.Debug|x86.ActiveCfg = Debug|Any CPU
		{BE715D9F-CC6A-4931-893E-C0E413ADD3BD}.Debug|x86.Build.0 = Debug|Any CPU
		{BE715D9F-CC6A-4931-893E-C0E413ADD3BD}.Release|Any CPU.ActiveCfg = Release|Any CPU
		{BE715D9F-CC6A-4931-893E-C0E413ADD3BD}.Release|Any CPU.Build.0 = Release|Any CPU
		{BE715D9F-CC6A-4931-893E-C0E413ADD3BD}.Release|x64.ActiveCfg = Release|Any CPU
		{BE715D9F-CC6A-4931-893E-C0E413ADD3BD}.Release|x64.Build.0 = Release|Any CPU
		{BE715D9F-CC6A-4931-893E-C0E413ADD3BD}.Release|x86.ActiveCfg = Release|Any CPU
		{BE715D9F-CC6A-4931-893E-C0E413ADD3BD}.Release|x86.Build.0 = Release|Any CPU
		{9A5F9FC6-8F3C-42FF-A04E-F5C9527646DB}.Debug|Any CPU.ActiveCfg = Debug|Any CPU
		{9A5F9FC6-8F3C-42FF-A04E-F5C9527646DB}.Debug|Any CPU.Build.0 = Debug|Any CPU
		{9A5F9FC6-8F3C-42FF-A04E-F5C9527646DB}.Debug|x64.ActiveCfg = Debug|Any CPU
		{9A5F9FC6-8F3C-42FF-A04E-F5C9527646DB}.Debug|x64.Build.0 = Debug|Any CPU
		{9A5F9FC6-8F3C-42FF-A04E-F5C9527646DB}.Debug|x86.ActiveCfg = Debug|Any CPU
		{9A5F9FC6-8F3C-42FF-A04E-F5C9527646DB}.Debug|x86.Build.0 = Debug|Any CPU
		{9A5F9FC6-8F3C-42FF-A04E-F5C9527646DB}.Release|Any CPU.ActiveCfg = Release|Any CPU
		{9A5F9FC6-8F3C-42FF-A04E-F5C9527646DB}.Release|Any CPU.Build.0 = Release|Any CPU
		{9A5F9FC6-8F3C-42FF-A04E-F5C9527646DB}.Release|x64.ActiveCfg = Release|Any CPU
		{9A5F9FC6-8F3C-42FF-A04E-F5C9527646DB}.Release|x64.Build.0 = Release|Any CPU
		{9A5F9FC6-8F3C-42FF-A04E-F5C9527646DB}.Release|x86.ActiveCfg = Release|Any CPU
		{9A5F9FC6-8F3C-42FF-A04E-F5C9527646DB}.Release|x86.Build.0 = Release|Any CPU
		{FFE36D59-CD3A-4C4B-BFFA-E7C7A6955C06}.Debug|Any CPU.ActiveCfg = Debug|Any CPU
		{FFE36D59-CD3A-4C4B-BFFA-E7C7A6955C06}.Debug|Any CPU.Build.0 = Debug|Any CPU
		{FFE36D59-CD3A-4C4B-BFFA-E7C7A6955C06}.Debug|x64.ActiveCfg = Debug|Any CPU
		{FFE36D59-CD3A-4C4B-BFFA-E7C7A6955C06}.Debug|x64.Build.0 = Debug|Any CPU
		{FFE36D59-CD3A-4C4B-BFFA-E7C7A6955C06}.Debug|x86.ActiveCfg = Debug|Any CPU
		{FFE36D59-CD3A-4C4B-BFFA-E7C7A6955C06}.Debug|x86.Build.0 = Debug|Any CPU
		{FFE36D59-CD3A-4C4B-BFFA-E7C7A6955C06}.Release|Any CPU.ActiveCfg = Release|Any CPU
		{FFE36D59-CD3A-4C4B-BFFA-E7C7A6955C06}.Release|Any CPU.Build.0 = Release|Any CPU
		{FFE36D59-CD3A-4C4B-BFFA-E7C7A6955C06}.Release|x64.ActiveCfg = Release|Any CPU
		{FFE36D59-CD3A-4C4B-BFFA-E7C7A6955C06}.Release|x64.Build.0 = Release|Any CPU
		{FFE36D59-CD3A-4C4B-BFFA-E7C7A6955C06}.Release|x86.ActiveCfg = Release|Any CPU
		{FFE36D59-CD3A-4C4B-BFFA-E7C7A6955C06}.Release|x86.Build.0 = Release|Any CPU
		{8AEACF55-3718-4F82-B731-305FD8ECAA1F}.Debug|Any CPU.ActiveCfg = Debug|Any CPU
		{8AEACF55-3718-4F82-B731-305FD8ECAA1F}.Debug|Any CPU.Build.0 = Debug|Any CPU
		{8AEACF55-3718-4F82-B731-305FD8ECAA1F}.Debug|x64.ActiveCfg = Debug|Any CPU
		{8AEACF55-3718-4F82-B731-305FD8ECAA1F}.Debug|x64.Build.0 = Debug|Any CPU
		{8AEACF55-3718-4F82-B731-305FD8ECAA1F}.Debug|x86.ActiveCfg = Debug|Any CPU
		{8AEACF55-3718-4F82-B731-305FD8ECAA1F}.Debug|x86.Build.0 = Debug|Any CPU
		{8AEACF55-3718-4F82-B731-305FD8ECAA1F}.Release|Any CPU.ActiveCfg = Release|Any CPU
		{8AEACF55-3718-4F82-B731-305FD8ECAA1F}.Release|Any CPU.Build.0 = Release|Any CPU
		{8AEACF55-3718-4F82-B731-305FD8ECAA1F}.Release|x64.ActiveCfg = Release|Any CPU
		{8AEACF55-3718-4F82-B731-305FD8ECAA1F}.Release|x64.Build.0 = Release|Any CPU
		{8AEACF55-3718-4F82-B731-305FD8ECAA1F}.Release|x86.ActiveCfg = Release|Any CPU
		{8AEACF55-3718-4F82-B731-305FD8ECAA1F}.Release|x86.Build.0 = Release|Any CPU
		{51B44AE9-AC73-4B5D-8B25-672C921A704D}.Debug|Any CPU.ActiveCfg = Debug|Any CPU
		{51B44AE9-AC73-4B5D-8B25-672C921A704D}.Debug|Any CPU.Build.0 = Debug|Any CPU
		{51B44AE9-AC73-4B5D-8B25-672C921A704D}.Debug|x64.ActiveCfg = Debug|Any CPU
		{51B44AE9-AC73-4B5D-8B25-672C921A704D}.Debug|x64.Build.0 = Debug|Any CPU
		{51B44AE9-AC73-4B5D-8B25-672C921A704D}.Debug|x86.ActiveCfg = Debug|Any CPU
		{51B44AE9-AC73-4B5D-8B25-672C921A704D}.Debug|x86.Build.0 = Debug|Any CPU
		{51B44AE9-AC73-4B5D-8B25-672C921A704D}.Release|Any CPU.ActiveCfg = Release|Any CPU
		{51B44AE9-AC73-4B5D-8B25-672C921A704D}.Release|Any CPU.Build.0 = Release|Any CPU
		{51B44AE9-AC73-4B5D-8B25-672C921A704D}.Release|x64.ActiveCfg = Release|Any CPU
		{51B44AE9-AC73-4B5D-8B25-672C921A704D}.Release|x64.Build.0 = Release|Any CPU
		{51B44AE9-AC73-4B5D-8B25-672C921A704D}.Release|x86.ActiveCfg = Release|Any CPU
		{51B44AE9-AC73-4B5D-8B25-672C921A704D}.Release|x86.Build.0 = Release|Any CPU
	EndGlobalSection
	GlobalSection(SolutionProperties) = preSolution
		HideSolutionNode = FALSE
	EndGlobalSection
EndGlobal
